// !$*UTF8*$!
{
	archiveVersion = 1;
	classes = {
	};
	objectVersion = 55;
	objects = {

/* Begin PBXBuildFile section */
		F803BFCC27A02F540034330C /* SearchResource.swift in Sources */ = {isa = PBXBuildFile; fileRef = F803BFCB27A02F540034330C /* SearchResource.swift */; };
		F806E28D28C8FF9D001975D0 /* APIResourceTests.swift in Sources */ = {isa = PBXBuildFile; fileRef = F806E28C28C8FF9D001975D0 /* APIResourceTests.swift */; };
		F810D01B27BFBD4600A864AC /* MovieCell.swift in Sources */ = {isa = PBXBuildFile; fileRef = F810D01A27BFBD4600A864AC /* MovieCell.swift */; };
		F81BF02927542851004F55F0 /* SearchController.swift in Sources */ = {isa = PBXBuildFile; fileRef = F81BF02827542851004F55F0 /* SearchController.swift */; };
		F81C31F227BFE69B005192AF /* SearchControllerTests.swift in Sources */ = {isa = PBXBuildFile; fileRef = F81C31F127BFE69B005192AF /* SearchControllerTests.swift */; };
		F831765E28AE3B1C00C35979 /* MockURLSession.swift in Sources */ = {isa = PBXBuildFile; fileRef = F831765D28AE3B1C00C35979 /* MockURLSession.swift */; };
		F845CABD27AABBDB005EC3A9 /* MovieCollectionView.swift in Sources */ = {isa = PBXBuildFile; fileRef = F845CABC27AABBDB005EC3A9 /* MovieCollectionView.swift */; };
		F8473EEC26F9E69000931D2E /* AppDelegate.swift in Sources */ = {isa = PBXBuildFile; fileRef = F8473EEB26F9E69000931D2E /* AppDelegate.swift */; };
		F8473EEE26F9E69000931D2E /* SceneDelegate.swift in Sources */ = {isa = PBXBuildFile; fileRef = F8473EED26F9E69000931D2E /* SceneDelegate.swift */; };
		F8473EF026F9E69000931D2E /* CriticsPicksController.swift in Sources */ = {isa = PBXBuildFile; fileRef = F8473EEF26F9E69000931D2E /* CriticsPicksController.swift */; };
		F8473EF526F9E69400931D2E /* Assets.xcassets in Resources */ = {isa = PBXBuildFile; fileRef = F8473EF426F9E69400931D2E /* Assets.xcassets */; };
		F8473EF826F9E69400931D2E /* LaunchScreen.storyboard in Resources */ = {isa = PBXBuildFile; fileRef = F8473EF626F9E69400931D2E /* LaunchScreen.storyboard */; };
		F849F1B126FCA1FC008A2136 /* APIError.swift in Sources */ = {isa = PBXBuildFile; fileRef = F849F1B026FCA1FC008A2136 /* APIError.swift */; };
		F849F1B726FCAF77008A2136 /* Constants.swift in Sources */ = {isa = PBXBuildFile; fileRef = F849F1B626FCAF77008A2136 /* Constants.swift */; };
		F849F1B926FCBB52008A2136 /* MovieResult.swift in Sources */ = {isa = PBXBuildFile; fileRef = F849F1B826FCBB52008A2136 /* MovieResult.swift */; };
		F888472327D0CA4B00CC771A /* LoadingViewController.swift in Sources */ = {isa = PBXBuildFile; fileRef = F888472227D0CA4B00CC771A /* LoadingViewController.swift */; };
		F888472A27D0FC6500CC771A /* MovieCollectionViewDelegate.swift in Sources */ = {isa = PBXBuildFile; fileRef = F888472927D0FC6500CC771A /* MovieCollectionViewDelegate.swift */; };
		F89D2F4127982D7D00528F50 /* APIResource.swift in Sources */ = {isa = PBXBuildFile; fileRef = F89D2F4027982D7D00528F50 /* APIResource.swift */; };
		F89D2F452798412A00528F50 /* CriticsPicksResource.swift in Sources */ = {isa = PBXBuildFile; fileRef = F89D2F442798412A00528F50 /* CriticsPicksResource.swift */; };
		F8A3053C26FB41E900837257 /* CriticsPicksCell.swift in Sources */ = {isa = PBXBuildFile; fileRef = F8A3053B26FB41E900837257 /* CriticsPicksCell.swift */; };
		F8AA7CD326F9FD7800E822C5 /* Movie.swift in Sources */ = {isa = PBXBuildFile; fileRef = F8AA7CD226F9FD7800E822C5 /* Movie.swift */; };
		F8B431992840C19D00E76723 /* UIImageView.swift in Sources */ = {isa = PBXBuildFile; fileRef = F8B431982840C19D00E76723 /* UIImageView.swift */; };
		F8BC0F9B278EF34000700353 /* UIFont.swift in Sources */ = {isa = PBXBuildFile; fileRef = F8BC0F9A278EF34000700353 /* UIFont.swift */; };
		F8C43DF0279EE3DD009252A0 /* Link.swift in Sources */ = {isa = PBXBuildFile; fileRef = F8C43DEF279EE3DD009252A0 /* Link.swift */; };
		F8C43DF2279EE3F1009252A0 /* Multimedia.swift in Sources */ = {isa = PBXBuildFile; fileRef = F8C43DF1279EE3F1009252A0 /* Multimedia.swift */; };
		F8C43DF4279EF688009252A0 /* MovieService.swift in Sources */ = {isa = PBXBuildFile; fileRef = F8C43DF3279EF688009252A0 /* MovieService.swift */; };
		F8C46B1D27A7EF20004C0829 /* UILabel.swift in Sources */ = {isa = PBXBuildFile; fileRef = F8C46B1C27A7EF20004C0829 /* UILabel.swift */; };
		F8C46B1F27A7FBAD004C0829 /* String.swift in Sources */ = {isa = PBXBuildFile; fileRef = F8C46B1E27A7FBAD004C0829 /* String.swift */; };
		F8C46B2127A83C5F004C0829 /* CriticsPicksControllerTests.swift in Sources */ = {isa = PBXBuildFile; fileRef = F8C46B2027A83C5F004C0829 /* CriticsPicksControllerTests.swift */; };
		F8EC48D727A29E52002DB12E /* Layout.swift in Sources */ = {isa = PBXBuildFile; fileRef = F8EC48D627A29E52002DB12E /* Layout.swift */; };
		F8EC48DD27A31689002DB12E /* SearchResultCell.swift in Sources */ = {isa = PBXBuildFile; fileRef = F8EC48DC27A31689002DB12E /* SearchResultCell.swift */; };
		F8EC48DF27A328A5002DB12E /* UIViewController.swift in Sources */ = {isa = PBXBuildFile; fileRef = F8EC48DE27A328A5002DB12E /* UIViewController.swift */; };
		F8FC3549270223110079834D /* TestHelpers.swift in Sources */ = {isa = PBXBuildFile; fileRef = F8FC3548270223110079834D /* TestHelpers.swift */; };
		F8FC8CB328CCFBBD00878C99 /* NYTimesAPI.swift in Sources */ = {isa = PBXBuildFile; fileRef = F8FC8CB228CCFBBD00878C99 /* NYTimesAPI.swift */; };
		F8FEA9BA2763818A00EE7A4F /* WebView.swift in Sources */ = {isa = PBXBuildFile; fileRef = F8FEA9B92763818A00EE7A4F /* WebView.swift */; };
/* End PBXBuildFile section */

/* Begin PBXContainerItemProxy section */
		F8FC35432702223D0079834D /* PBXContainerItemProxy */ = {
			isa = PBXContainerItemProxy;
			containerPortal = F8473EE026F9E69000931D2E /* Project object */;
			proxyType = 1;
			remoteGlobalIDString = F8473EE726F9E69000931D2E;
			remoteInfo = CriticalMovies;
		};
/* End PBXContainerItemProxy section */

/* Begin PBXFileReference section */
		F803BFCB27A02F540034330C /* SearchResource.swift */ = {isa = PBXFileReference; lastKnownFileType = sourcecode.swift; path = SearchResource.swift; sourceTree = "<group>"; };
		F806E28C28C8FF9D001975D0 /* APIResourceTests.swift */ = {isa = PBXFileReference; lastKnownFileType = sourcecode.swift; path = APIResourceTests.swift; sourceTree = "<group>"; };
		F810D01A27BFBD4600A864AC /* MovieCell.swift */ = {isa = PBXFileReference; lastKnownFileType = sourcecode.swift; path = MovieCell.swift; sourceTree = "<group>"; };
		F81BF02827542851004F55F0 /* SearchController.swift */ = {isa = PBXFileReference; lastKnownFileType = sourcecode.swift; path = SearchController.swift; sourceTree = "<group>"; };
		F81C31F127BFE69B005192AF /* SearchControllerTests.swift */ = {isa = PBXFileReference; lastKnownFileType = sourcecode.swift; path = SearchControllerTests.swift; sourceTree = "<group>"; };
		F831765D28AE3B1C00C35979 /* MockURLSession.swift */ = {isa = PBXFileReference; lastKnownFileType = sourcecode.swift; path = MockURLSession.swift; sourceTree = "<group>"; };
		F845CABC27AABBDB005EC3A9 /* MovieCollectionView.swift */ = {isa = PBXFileReference; fileEncoding = 4; lastKnownFileType = sourcecode.swift; path = MovieCollectionView.swift; sourceTree = "<group>"; };
		F8473EE826F9E69000931D2E /* CriticalMovies.app */ = {isa = PBXFileReference; explicitFileType = wrapper.application; includeInIndex = 0; path = CriticalMovies.app; sourceTree = BUILT_PRODUCTS_DIR; };
		F8473EEB26F9E69000931D2E /* AppDelegate.swift */ = {isa = PBXFileReference; lastKnownFileType = sourcecode.swift; path = AppDelegate.swift; sourceTree = "<group>"; };
		F8473EED26F9E69000931D2E /* SceneDelegate.swift */ = {isa = PBXFileReference; lastKnownFileType = sourcecode.swift; path = SceneDelegate.swift; sourceTree = "<group>"; };
		F8473EEF26F9E69000931D2E /* CriticsPicksController.swift */ = {isa = PBXFileReference; lastKnownFileType = sourcecode.swift; path = CriticsPicksController.swift; sourceTree = "<group>"; };
		F8473EF426F9E69400931D2E /* Assets.xcassets */ = {isa = PBXFileReference; lastKnownFileType = folder.assetcatalog; path = Assets.xcassets; sourceTree = "<group>"; };
		F8473EF726F9E69400931D2E /* Base */ = {isa = PBXFileReference; lastKnownFileType = file.storyboard; name = Base; path = Base.lproj/LaunchScreen.storyboard; sourceTree = "<group>"; };
		F8473EF926F9E69400931D2E /* Info.plist */ = {isa = PBXFileReference; lastKnownFileType = text.plist.xml; path = Info.plist; sourceTree = "<group>"; };
		F849F1B026FCA1FC008A2136 /* APIError.swift */ = {isa = PBXFileReference; lastKnownFileType = sourcecode.swift; path = APIError.swift; sourceTree = "<group>"; };
		F849F1B626FCAF77008A2136 /* Constants.swift */ = {isa = PBXFileReference; lastKnownFileType = sourcecode.swift; path = Constants.swift; sourceTree = "<group>"; };
		F849F1B826FCBB52008A2136 /* MovieResult.swift */ = {isa = PBXFileReference; lastKnownFileType = sourcecode.swift; path = MovieResult.swift; sourceTree = "<group>"; };
		F888472227D0CA4B00CC771A /* LoadingViewController.swift */ = {isa = PBXFileReference; lastKnownFileType = sourcecode.swift; path = LoadingViewController.swift; sourceTree = "<group>"; };
		F888472927D0FC6500CC771A /* MovieCollectionViewDelegate.swift */ = {isa = PBXFileReference; lastKnownFileType = sourcecode.swift; path = MovieCollectionViewDelegate.swift; sourceTree = "<group>"; };
		F89D2F4027982D7D00528F50 /* APIResource.swift */ = {isa = PBXFileReference; lastKnownFileType = sourcecode.swift; path = APIResource.swift; sourceTree = "<group>"; };
		F89D2F442798412A00528F50 /* CriticsPicksResource.swift */ = {isa = PBXFileReference; lastKnownFileType = sourcecode.swift; path = CriticsPicksResource.swift; sourceTree = "<group>"; };
		F8A3053B26FB41E900837257 /* CriticsPicksCell.swift */ = {isa = PBXFileReference; lastKnownFileType = sourcecode.swift; path = CriticsPicksCell.swift; sourceTree = "<group>"; };
		F8AA7CD226F9FD7800E822C5 /* Movie.swift */ = {isa = PBXFileReference; lastKnownFileType = sourcecode.swift; path = Movie.swift; sourceTree = "<group>"; };
		F8B431982840C19D00E76723 /* UIImageView.swift */ = {isa = PBXFileReference; lastKnownFileType = sourcecode.swift; path = UIImageView.swift; sourceTree = "<group>"; };
		F8BC0F9A278EF34000700353 /* UIFont.swift */ = {isa = PBXFileReference; lastKnownFileType = sourcecode.swift; path = UIFont.swift; sourceTree = "<group>"; };
		F8C43DEF279EE3DD009252A0 /* Link.swift */ = {isa = PBXFileReference; lastKnownFileType = sourcecode.swift; path = Link.swift; sourceTree = "<group>"; };
		F8C43DF1279EE3F1009252A0 /* Multimedia.swift */ = {isa = PBXFileReference; lastKnownFileType = sourcecode.swift; path = Multimedia.swift; sourceTree = "<group>"; };
		F8C43DF3279EF688009252A0 /* MovieService.swift */ = {isa = PBXFileReference; lastKnownFileType = sourcecode.swift; path = MovieService.swift; sourceTree = "<group>"; };
		F8C46B1C27A7EF20004C0829 /* UILabel.swift */ = {isa = PBXFileReference; lastKnownFileType = sourcecode.swift; path = UILabel.swift; sourceTree = "<group>"; };
		F8C46B1E27A7FBAD004C0829 /* String.swift */ = {isa = PBXFileReference; lastKnownFileType = sourcecode.swift; path = String.swift; sourceTree = "<group>"; };
		F8C46B2027A83C5F004C0829 /* CriticsPicksControllerTests.swift */ = {isa = PBXFileReference; lastKnownFileType = sourcecode.swift; path = CriticsPicksControllerTests.swift; sourceTree = "<group>"; };
		F8EC48D627A29E52002DB12E /* Layout.swift */ = {isa = PBXFileReference; lastKnownFileType = sourcecode.swift; path = Layout.swift; sourceTree = "<group>"; };
		F8EC48DC27A31689002DB12E /* SearchResultCell.swift */ = {isa = PBXFileReference; lastKnownFileType = sourcecode.swift; path = SearchResultCell.swift; sourceTree = "<group>"; };
		F8EC48DE27A328A5002DB12E /* UIViewController.swift */ = {isa = PBXFileReference; lastKnownFileType = sourcecode.swift; path = UIViewController.swift; sourceTree = "<group>"; };
		F8FC353F2702223D0079834D /* CriticalMoviesTests.xctest */ = {isa = PBXFileReference; explicitFileType = wrapper.cfbundle; includeInIndex = 0; path = CriticalMoviesTests.xctest; sourceTree = BUILT_PRODUCTS_DIR; };
		F8FC3548270223110079834D /* TestHelpers.swift */ = {isa = PBXFileReference; lastKnownFileType = sourcecode.swift; path = TestHelpers.swift; sourceTree = "<group>"; };
		F8FC8CB228CCFBBD00878C99 /* NYTimesAPI.swift */ = {isa = PBXFileReference; lastKnownFileType = sourcecode.swift; path = NYTimesAPI.swift; sourceTree = "<group>"; };
		F8FEA9B92763818A00EE7A4F /* WebView.swift */ = {isa = PBXFileReference; lastKnownFileType = sourcecode.swift; path = WebView.swift; sourceTree = "<group>"; };
/* End PBXFileReference section */

/* Begin PBXFrameworksBuildPhase section */
		F8473EE526F9E69000931D2E /* Frameworks */ = {
			isa = PBXFrameworksBuildPhase;
			buildActionMask = 2147483647;
			files = (
			);
			runOnlyForDeploymentPostprocessing = 0;
		};
		F8FC353C2702223D0079834D /* Frameworks */ = {
			isa = PBXFrameworksBuildPhase;
			buildActionMask = 2147483647;
			files = (
			);
			runOnlyForDeploymentPostprocessing = 0;
		};
/* End PBXFrameworksBuildPhase section */

/* Begin PBXGroup section */
		F81BF02A27543160004F55F0 /* Search */ = {
			isa = PBXGroup;
			children = (
				F81BF02827542851004F55F0 /* SearchController.swift */,
				F8EC48DC27A31689002DB12E /* SearchResultCell.swift */,
			);
			path = Search;
			sourceTree = "<group>";
		};
		F81BF02B27543173004F55F0 /* CriticsPicks */ = {
			isa = PBXGroup;
			children = (
				F8473EEF26F9E69000931D2E /* CriticsPicksController.swift */,
				F8A3053B26FB41E900837257 /* CriticsPicksCell.swift */,
			);
			path = CriticsPicks;
			sourceTree = "<group>";
		};
		F8473EDF26F9E69000931D2E = {
			isa = PBXGroup;
			children = (
				F8473EEA26F9E69000931D2E /* CriticalMovies */,
				F8FC35402702223D0079834D /* CriticalMoviesTests */,
				F8473EE926F9E69000931D2E /* Products */,
			);
			sourceTree = "<group>";
		};
		F8473EE926F9E69000931D2E /* Products */ = {
			isa = PBXGroup;
			children = (
				F8473EE826F9E69000931D2E /* CriticalMovies.app */,
				F8FC353F2702223D0079834D /* CriticalMoviesTests.xctest */,
			);
			name = Products;
			sourceTree = "<group>";
		};
		F8473EEA26F9E69000931D2E /* CriticalMovies */ = {
			isa = PBXGroup;
			children = (
				F8473EEB26F9E69000931D2E /* AppDelegate.swift */,
				F8473EED26F9E69000931D2E /* SceneDelegate.swift */,
				F849F1B326FCA20C008A2136 /* Model */,
				F89D2F3F27982D5F00528F50 /* Service */,
				F81BF02B27543173004F55F0 /* CriticsPicks */,
				F81BF02A27543160004F55F0 /* Search */,
				F849F1B526FCA21F008A2136 /* Components */,
				F849F1B626FCAF77008A2136 /* Constants.swift */,
				F8473EF426F9E69400931D2E /* Assets.xcassets */,
				F8473EF626F9E69400931D2E /* LaunchScreen.storyboard */,
				F8473EF926F9E69400931D2E /* Info.plist */,
			);
			path = CriticalMovies;
			sourceTree = "<group>";
		};
		F849F1B326FCA20C008A2136 /* Model */ = {
			isa = PBXGroup;
			children = (
				F8AA7CD226F9FD7800E822C5 /* Movie.swift */,
				F8C43DEF279EE3DD009252A0 /* Link.swift */,
				F8C43DF1279EE3F1009252A0 /* Multimedia.swift */,
				F849F1B826FCBB52008A2136 /* MovieResult.swift */,
			);
			path = Model;
			sourceTree = "<group>";
		};
		F849F1B526FCA21F008A2136 /* Components */ = {
			isa = PBXGroup;
			children = (
				F8EC48E027A33A14002DB12E /* Views */,
				F8C8DC3A2701D31800879DDC /* Extensions */,
				F8EC48E127A33A72002DB12E /* CollectionView */,
			);
			path = Components;
			sourceTree = "<group>";
		};
		F89D2F3F27982D5F00528F50 /* Service */ = {
			isa = PBXGroup;
			children = (
				F8FC8CB228CCFBBD00878C99 /* NYTimesAPI.swift */,
				F849F1B026FCA1FC008A2136 /* APIError.swift */,
				F8C43DF3279EF688009252A0 /* MovieService.swift */,
				F8C43DED279AE42B009252A0 /* Resources */,
			);
			path = Service;
			sourceTree = "<group>";
		};
		F8C43DED279AE42B009252A0 /* Resources */ = {
			isa = PBXGroup;
			children = (
				F89D2F4027982D7D00528F50 /* APIResource.swift */,
				F803BFCB27A02F540034330C /* SearchResource.swift */,
				F89D2F442798412A00528F50 /* CriticsPicksResource.swift */,
			);
			path = Resources;
			sourceTree = "<group>";
		};
		F8C8DC3A2701D31800879DDC /* Extensions */ = {
			isa = PBXGroup;
			children = (
				F8C46B1E27A7FBAD004C0829 /* String.swift */,
				F8BC0F9A278EF34000700353 /* UIFont.swift */,
				F8C46B1C27A7EF20004C0829 /* UILabel.swift */,
				F8B431982840C19D00E76723 /* UIImageView.swift */,
				F8EC48DE27A328A5002DB12E /* UIViewController.swift */,
			);
			path = Extensions;
			sourceTree = "<group>";
		};
		F8EC48E027A33A14002DB12E /* Views */ = {
			isa = PBXGroup;
			children = (
				F8FEA9B92763818A00EE7A4F /* WebView.swift */,
			);
			path = Views;
			sourceTree = "<group>";
		};
		F8EC48E127A33A72002DB12E /* CollectionView */ = {
			isa = PBXGroup;
			children = (
				F8EC48D627A29E52002DB12E /* Layout.swift */,
				F810D01A27BFBD4600A864AC /* MovieCell.swift */,
				F845CABC27AABBDB005EC3A9 /* MovieCollectionView.swift */,
				F888472227D0CA4B00CC771A /* LoadingViewController.swift */,
				F888472927D0FC6500CC771A /* MovieCollectionViewDelegate.swift */,
			);
			path = CollectionView;
			sourceTree = "<group>";
		};
		F8FC35402702223D0079834D /* CriticalMoviesTests */ = {
			isa = PBXGroup;
			children = (
				F8C46B2027A83C5F004C0829 /* CriticsPicksControllerTests.swift */,
				F81C31F127BFE69B005192AF /* SearchControllerTests.swift */,
				F806E28C28C8FF9D001975D0 /* APIResourceTests.swift */,
				F831765D28AE3B1C00C35979 /* MockURLSession.swift */,
				F8FC3548270223110079834D /* TestHelpers.swift */,
			);
			path = CriticalMoviesTests;
			sourceTree = "<group>";
		};
/* End PBXGroup section */

/* Begin PBXNativeTarget section */
		F8473EE726F9E69000931D2E /* CriticalMovies */ = {
			isa = PBXNativeTarget;
			buildConfigurationList = F8473EFC26F9E69400931D2E /* Build configuration list for PBXNativeTarget "CriticalMovies" */;
			buildPhases = (
				F8473EE426F9E69000931D2E /* Sources */,
				F8473EE526F9E69000931D2E /* Frameworks */,
				F8473EE626F9E69000931D2E /* Resources */,
			);
			buildRules = (
			);
			dependencies = (
			);
			name = CriticalMovies;
			productName = CriticalMovies;
			productReference = F8473EE826F9E69000931D2E /* CriticalMovies.app */;
			productType = "com.apple.product-type.application";
		};
		F8FC353E2702223D0079834D /* CriticalMoviesTests */ = {
			isa = PBXNativeTarget;
			buildConfigurationList = F8FC35472702223D0079834D /* Build configuration list for PBXNativeTarget "CriticalMoviesTests" */;
			buildPhases = (
				F8FC353B2702223D0079834D /* Sources */,
				F8FC353C2702223D0079834D /* Frameworks */,
				F8FC353D2702223D0079834D /* Resources */,
			);
			buildRules = (
			);
			dependencies = (
				F8FC35442702223D0079834D /* PBXTargetDependency */,
			);
			name = CriticalMoviesTests;
			productName = CriticalMoviesTests;
			productReference = F8FC353F2702223D0079834D /* CriticalMoviesTests.xctest */;
			productType = "com.apple.product-type.bundle.unit-test";
		};
/* End PBXNativeTarget section */

/* Begin PBXProject section */
		F8473EE026F9E69000931D2E /* Project object */ = {
			isa = PBXProject;
			attributes = {
				BuildIndependentTargetsInParallel = 1;
				LastSwiftUpdateCheck = 1300;
				LastUpgradeCheck = 1300;
				TargetAttributes = {
					F8473EE726F9E69000931D2E = {
						CreatedOnToolsVersion = 13.0;
					};
					F8FC353E2702223D0079834D = {
						CreatedOnToolsVersion = 13.0;
						TestTargetID = F8473EE726F9E69000931D2E;
					};
				};
			};
			buildConfigurationList = F8473EE326F9E69000931D2E /* Build configuration list for PBXProject "CriticalMovies" */;
			compatibilityVersion = "Xcode 13.0";
			developmentRegion = en;
			hasScannedForEncodings = 0;
			knownRegions = (
				en,
				Base,
			);
			mainGroup = F8473EDF26F9E69000931D2E;
			productRefGroup = F8473EE926F9E69000931D2E /* Products */;
			projectDirPath = "";
			projectRoot = "";
			targets = (
				F8473EE726F9E69000931D2E /* CriticalMovies */,
				F8FC353E2702223D0079834D /* CriticalMoviesTests */,
			);
		};
/* End PBXProject section */

/* Begin PBXResourcesBuildPhase section */
		F8473EE626F9E69000931D2E /* Resources */ = {
			isa = PBXResourcesBuildPhase;
			buildActionMask = 2147483647;
			files = (
				F8473EF826F9E69400931D2E /* LaunchScreen.storyboard in Resources */,
				F8473EF526F9E69400931D2E /* Assets.xcassets in Resources */,
			);
			runOnlyForDeploymentPostprocessing = 0;
		};
		F8FC353D2702223D0079834D /* Resources */ = {
			isa = PBXResourcesBuildPhase;
			buildActionMask = 2147483647;
			files = (
			);
			runOnlyForDeploymentPostprocessing = 0;
		};
/* End PBXResourcesBuildPhase section */

/* Begin PBXSourcesBuildPhase section */
		F8473EE426F9E69000931D2E /* Sources */ = {
			isa = PBXSourcesBuildPhase;
			buildActionMask = 2147483647;
			files = (
				F8473EF026F9E69000931D2E /* CriticsPicksController.swift in Sources */,
				F89D2F4127982D7D00528F50 /* APIResource.swift in Sources */,
				F810D01B27BFBD4600A864AC /* MovieCell.swift in Sources */,
				F8C46B1D27A7EF20004C0829 /* UILabel.swift in Sources */,
				F8A3053C26FB41E900837257 /* CriticsPicksCell.swift in Sources */,
				F8EC48DD27A31689002DB12E /* SearchResultCell.swift in Sources */,
				F8FC8CB328CCFBBD00878C99 /* NYTimesAPI.swift in Sources */,
				F8C43DF2279EE3F1009252A0 /* Multimedia.swift in Sources */,
				F8EC48DF27A328A5002DB12E /* UIViewController.swift in Sources */,
				F8C43DF4279EF688009252A0 /* MovieService.swift in Sources */,
				F8473EEC26F9E69000931D2E /* AppDelegate.swift in Sources */,
				F89D2F452798412A00528F50 /* CriticsPicksResource.swift in Sources */,
				F845CABD27AABBDB005EC3A9 /* MovieCollectionView.swift in Sources */,
				F8EC48D727A29E52002DB12E /* Layout.swift in Sources */,
				F849F1B126FCA1FC008A2136 /* APIError.swift in Sources */,
				F8B431992840C19D00E76723 /* UIImageView.swift in Sources */,
				F888472327D0CA4B00CC771A /* LoadingViewController.swift in Sources */,
				F81BF02927542851004F55F0 /* SearchController.swift in Sources */,
				F8C43DF0279EE3DD009252A0 /* Link.swift in Sources */,
				F8FEA9BA2763818A00EE7A4F /* WebView.swift in Sources */,
				F849F1B926FCBB52008A2136 /* MovieResult.swift in Sources */,
				F8473EEE26F9E69000931D2E /* SceneDelegate.swift in Sources */,
				F849F1B726FCAF77008A2136 /* Constants.swift in Sources */,
				F8C46B1F27A7FBAD004C0829 /* String.swift in Sources */,
				F803BFCC27A02F540034330C /* SearchResource.swift in Sources */,
				F8AA7CD326F9FD7800E822C5 /* Movie.swift in Sources */,
				F888472A27D0FC6500CC771A /* MovieCollectionViewDelegate.swift in Sources */,
				F8BC0F9B278EF34000700353 /* UIFont.swift in Sources */,
			);
			runOnlyForDeploymentPostprocessing = 0;
		};
		F8FC353B2702223D0079834D /* Sources */ = {
			isa = PBXSourcesBuildPhase;
			buildActionMask = 2147483647;
			files = (
				F8C46B2127A83C5F004C0829 /* CriticsPicksControllerTests.swift in Sources */,
				F831765E28AE3B1C00C35979 /* MockURLSession.swift in Sources */,
				F806E28D28C8FF9D001975D0 /* APIResourceTests.swift in Sources */,
				F8FC3549270223110079834D /* TestHelpers.swift in Sources */,
				F81C31F227BFE69B005192AF /* SearchControllerTests.swift in Sources */,
			);
			runOnlyForDeploymentPostprocessing = 0;
		};
/* End PBXSourcesBuildPhase section */

/* Begin PBXTargetDependency section */
		F8FC35442702223D0079834D /* PBXTargetDependency */ = {
			isa = PBXTargetDependency;
			target = F8473EE726F9E69000931D2E /* CriticalMovies */;
			targetProxy = F8FC35432702223D0079834D /* PBXContainerItemProxy */;
		};
/* End PBXTargetDependency section */

/* Begin PBXVariantGroup section */
		F8473EF626F9E69400931D2E /* LaunchScreen.storyboard */ = {
			isa = PBXVariantGroup;
			children = (
				F8473EF726F9E69400931D2E /* Base */,
			);
			name = LaunchScreen.storyboard;
			sourceTree = "<group>";
		};
/* End PBXVariantGroup section */

/* Begin XCBuildConfiguration section */
		F8473EFA26F9E69400931D2E /* Debug */ = {
			isa = XCBuildConfiguration;
			buildSettings = {
				ALWAYS_SEARCH_USER_PATHS = NO;
				CLANG_ANALYZER_NONNULL = YES;
				CLANG_ANALYZER_NUMBER_OBJECT_CONVERSION = YES_AGGRESSIVE;
				CLANG_CXX_LANGUAGE_STANDARD = "gnu++17";
				CLANG_CXX_LIBRARY = "libc++";
				CLANG_ENABLE_MODULES = YES;
				CLANG_ENABLE_OBJC_ARC = YES;
				CLANG_ENABLE_OBJC_WEAK = YES;
				CLANG_WARN_BLOCK_CAPTURE_AUTORELEASING = YES;
				CLANG_WARN_BOOL_CONVERSION = YES;
				CLANG_WARN_COMMA = YES;
				CLANG_WARN_CONSTANT_CONVERSION = YES;
				CLANG_WARN_DEPRECATED_OBJC_IMPLEMENTATIONS = YES;
				CLANG_WARN_DIRECT_OBJC_ISA_USAGE = YES_ERROR;
				CLANG_WARN_DOCUMENTATION_COMMENTS = YES;
				CLANG_WARN_EMPTY_BODY = YES;
				CLANG_WARN_ENUM_CONVERSION = YES;
				CLANG_WARN_INFINITE_RECURSION = YES;
				CLANG_WARN_INT_CONVERSION = YES;
				CLANG_WARN_NON_LITERAL_NULL_CONVERSION = YES;
				CLANG_WARN_OBJC_IMPLICIT_RETAIN_SELF = YES;
				CLANG_WARN_OBJC_LITERAL_CONVERSION = YES;
				CLANG_WARN_OBJC_ROOT_CLASS = YES_ERROR;
				CLANG_WARN_QUOTED_INCLUDE_IN_FRAMEWORK_HEADER = YES;
				CLANG_WARN_RANGE_LOOP_ANALYSIS = YES;
				CLANG_WARN_STRICT_PROTOTYPES = YES;
				CLANG_WARN_SUSPICIOUS_MOVE = YES;
				CLANG_WARN_UNGUARDED_AVAILABILITY = YES_AGGRESSIVE;
				CLANG_WARN_UNREACHABLE_CODE = YES;
				CLANG_WARN__DUPLICATE_METHOD_MATCH = YES;
				COPY_PHASE_STRIP = NO;
				DEBUG_INFORMATION_FORMAT = dwarf;
				ENABLE_STRICT_OBJC_MSGSEND = YES;
				ENABLE_TESTABILITY = YES;
				GCC_C_LANGUAGE_STANDARD = gnu11;
				GCC_DYNAMIC_NO_PIC = NO;
				GCC_NO_COMMON_BLOCKS = YES;
				GCC_OPTIMIZATION_LEVEL = 0;
				GCC_PREPROCESSOR_DEFINITIONS = (
					"DEBUG=1",
					"$(inherited)",
				);
				GCC_WARN_64_TO_32_BIT_CONVERSION = YES;
				GCC_WARN_ABOUT_RETURN_TYPE = YES_ERROR;
				GCC_WARN_UNDECLARED_SELECTOR = YES;
				GCC_WARN_UNINITIALIZED_AUTOS = YES_AGGRESSIVE;
				GCC_WARN_UNUSED_FUNCTION = YES;
				GCC_WARN_UNUSED_VARIABLE = YES;
				IPHONEOS_DEPLOYMENT_TARGET = 15.0;
				MTL_ENABLE_DEBUG_INFO = INCLUDE_SOURCE;
				MTL_FAST_MATH = YES;
				ONLY_ACTIVE_ARCH = YES;
				SDKROOT = iphoneos;
				SWIFT_ACTIVE_COMPILATION_CONDITIONS = DEBUG;
				SWIFT_OPTIMIZATION_LEVEL = "-Onone";
			};
			name = Debug;
		};
		F8473EFB26F9E69400931D2E /* Release */ = {
			isa = XCBuildConfiguration;
			buildSettings = {
				ALWAYS_SEARCH_USER_PATHS = NO;
				CLANG_ANALYZER_NONNULL = YES;
				CLANG_ANALYZER_NUMBER_OBJECT_CONVERSION = YES_AGGRESSIVE;
				CLANG_CXX_LANGUAGE_STANDARD = "gnu++17";
				CLANG_CXX_LIBRARY = "libc++";
				CLANG_ENABLE_MODULES = YES;
				CLANG_ENABLE_OBJC_ARC = YES;
				CLANG_ENABLE_OBJC_WEAK = YES;
				CLANG_WARN_BLOCK_CAPTURE_AUTORELEASING = YES;
				CLANG_WARN_BOOL_CONVERSION = YES;
				CLANG_WARN_COMMA = YES;
				CLANG_WARN_CONSTANT_CONVERSION = YES;
				CLANG_WARN_DEPRECATED_OBJC_IMPLEMENTATIONS = YES;
				CLANG_WARN_DIRECT_OBJC_ISA_USAGE = YES_ERROR;
				CLANG_WARN_DOCUMENTATION_COMMENTS = YES;
				CLANG_WARN_EMPTY_BODY = YES;
				CLANG_WARN_ENUM_CONVERSION = YES;
				CLANG_WARN_INFINITE_RECURSION = YES;
				CLANG_WARN_INT_CONVERSION = YES;
				CLANG_WARN_NON_LITERAL_NULL_CONVERSION = YES;
				CLANG_WARN_OBJC_IMPLICIT_RETAIN_SELF = YES;
				CLANG_WARN_OBJC_LITERAL_CONVERSION = YES;
				CLANG_WARN_OBJC_ROOT_CLASS = YES_ERROR;
				CLANG_WARN_QUOTED_INCLUDE_IN_FRAMEWORK_HEADER = YES;
				CLANG_WARN_RANGE_LOOP_ANALYSIS = YES;
				CLANG_WARN_STRICT_PROTOTYPES = YES;
				CLANG_WARN_SUSPICIOUS_MOVE = YES;
				CLANG_WARN_UNGUARDED_AVAILABILITY = YES_AGGRESSIVE;
				CLANG_WARN_UNREACHABLE_CODE = YES;
				CLANG_WARN__DUPLICATE_METHOD_MATCH = YES;
				COPY_PHASE_STRIP = NO;
				DEBUG_INFORMATION_FORMAT = "dwarf-with-dsym";
				ENABLE_NS_ASSERTIONS = NO;
				ENABLE_STRICT_OBJC_MSGSEND = YES;
				GCC_C_LANGUAGE_STANDARD = gnu11;
				GCC_NO_COMMON_BLOCKS = YES;
				GCC_WARN_64_TO_32_BIT_CONVERSION = YES;
				GCC_WARN_ABOUT_RETURN_TYPE = YES_ERROR;
				GCC_WARN_UNDECLARED_SELECTOR = YES;
				GCC_WARN_UNINITIALIZED_AUTOS = YES_AGGRESSIVE;
				GCC_WARN_UNUSED_FUNCTION = YES;
				GCC_WARN_UNUSED_VARIABLE = YES;
				IPHONEOS_DEPLOYMENT_TARGET = 15.0;
				MTL_ENABLE_DEBUG_INFO = NO;
				MTL_FAST_MATH = YES;
				SDKROOT = iphoneos;
				SWIFT_COMPILATION_MODE = wholemodule;
				SWIFT_OPTIMIZATION_LEVEL = "-O";
				VALIDATE_PRODUCT = YES;
			};
			name = Release;
		};
		F8473EFD26F9E69400931D2E /* Debug */ = {
			isa = XCBuildConfiguration;
			buildSettings = {
				ASSETCATALOG_COMPILER_APPICON_NAME = AppIcon;
				ASSETCATALOG_COMPILER_GLOBAL_ACCENT_COLOR_NAME = AccentColor;
				CODE_SIGN_STYLE = Automatic;
				CURRENT_PROJECT_VERSION = 1;
				DEVELOPMENT_TEAM = H5BFNRJ7J5;
				GENERATE_INFOPLIST_FILE = YES;
				INFOPLIST_FILE = CriticalMovies/Info.plist;
				INFOPLIST_KEY_UIApplicationSupportsIndirectInputEvents = YES;
				INFOPLIST_KEY_UILaunchStoryboardName = LaunchScreen;
				INFOPLIST_KEY_UISupportedInterfaceOrientations_iPad = "UIInterfaceOrientationPortrait UIInterfaceOrientationPortraitUpsideDown UIInterfaceOrientationLandscapeLeft UIInterfaceOrientationLandscapeRight";
				INFOPLIST_KEY_UISupportedInterfaceOrientations_iPhone = "UIInterfaceOrientationPortrait UIInterfaceOrientationLandscapeLeft UIInterfaceOrientationLandscapeRight";
				LD_RUNPATH_SEARCH_PATHS = (
					"$(inherited)",
					"@executable_path/Frameworks",
				);
				MARKETING_VERSION = 1.0;
				PRODUCT_BUNDLE_IDENTIFIER = com.mycompany.CriticalMovies;
				PRODUCT_NAME = "$(TARGET_NAME)";
				SWIFT_EMIT_LOC_STRINGS = YES;
				SWIFT_VERSION = 5.0;
				TARGETED_DEVICE_FAMILY = "1,2";
			};
			name = Debug;
		};
		F8473EFE26F9E69400931D2E /* Release */ = {
			isa = XCBuildConfiguration;
			buildSettings = {
				ASSETCATALOG_COMPILER_APPICON_NAME = AppIcon;
				ASSETCATALOG_COMPILER_GLOBAL_ACCENT_COLOR_NAME = AccentColor;
				CODE_SIGN_STYLE = Automatic;
				CURRENT_PROJECT_VERSION = 1;
				DEVELOPMENT_TEAM = H5BFNRJ7J5;
				GENERATE_INFOPLIST_FILE = YES;
				INFOPLIST_FILE = CriticalMovies/Info.plist;
				INFOPLIST_KEY_UIApplicationSupportsIndirectInputEvents = YES;
				INFOPLIST_KEY_UILaunchStoryboardName = LaunchScreen;
				INFOPLIST_KEY_UISupportedInterfaceOrientations_iPad = "UIInterfaceOrientationPortrait UIInterfaceOrientationPortraitUpsideDown UIInterfaceOrientationLandscapeLeft UIInterfaceOrientationLandscapeRight";
				INFOPLIST_KEY_UISupportedInterfaceOrientations_iPhone = "UIInterfaceOrientationPortrait UIInterfaceOrientationLandscapeLeft UIInterfaceOrientationLandscapeRight";
				LD_RUNPATH_SEARCH_PATHS = (
					"$(inherited)",
					"@executable_path/Frameworks",
				);
				MARKETING_VERSION = 1.0;
				PRODUCT_BUNDLE_IDENTIFIER = com.mycompany.CriticalMovies;
				PRODUCT_NAME = "$(TARGET_NAME)";
				SWIFT_EMIT_LOC_STRINGS = YES;
				SWIFT_VERSION = 5.0;
				TARGETED_DEVICE_FAMILY = "1,2";
			};
			name = Release;
		};
		F8FC35452702223D0079834D /* Debug */ = {
			isa = XCBuildConfiguration;
			buildSettings = {
				BUNDLE_LOADER = "$(TEST_HOST)";
				CODE_SIGN_STYLE = Automatic;
				CURRENT_PROJECT_VERSION = 1;
				DEVELOPMENT_TEAM = H5BFNRJ7J5;
				GENERATE_INFOPLIST_FILE = YES;
				IPHONEOS_DEPLOYMENT_TARGET = 15.0;
				LD_RUNPATH_SEARCH_PATHS = (
					"$(inherited)",
					"@executable_path/Frameworks",
					"@loader_path/Frameworks",
				);
				MARKETING_VERSION = 1.0;
				PRODUCT_BUNDLE_IDENTIFIER = com.mycompany.CriticalMoviesTests;
				PRODUCT_NAME = "$(TARGET_NAME)";
				SWIFT_EMIT_LOC_STRINGS = NO;
				SWIFT_VERSION = 5.0;
				TARGETED_DEVICE_FAMILY = "1,2";
				TEST_HOST = "$(BUILT_PRODUCTS_DIR)/CriticalMovies.app/CriticalMovies";
			};
			name = Debug;
		};
		F8FC35462702223D0079834D /* Release */ = {
			isa = XCBuildConfiguration;
			buildSettings = {
				BUNDLE_LOADER = "$(TEST_HOST)";
				CODE_SIGN_STYLE = Automatic;
				CURRENT_PROJECT_VERSION = 1;
				DEVELOPMENT_TEAM = H5BFNRJ7J5;
				GENERATE_INFOPLIST_FILE = YES;
				IPHONEOS_DEPLOYMENT_TARGET = 15.0;
				LD_RUNPATH_SEARCH_PATHS = (
					"$(inherited)",
					"@executable_path/Frameworks",
					"@loader_path/Frameworks",
				);
				MARKETING_VERSION = 1.0;
				PRODUCT_BUNDLE_IDENTIFIER = com.mycompany.CriticalMoviesTests;
				PRODUCT_NAME = "$(TARGET_NAME)";
				SWIFT_EMIT_LOC_STRINGS = NO;
				SWIFT_VERSION = 5.0;
				TARGETED_DEVICE_FAMILY = "1,2";
				TEST_HOST = "$(BUILT_PRODUCTS_DIR)/CriticalMovies.app/CriticalMovies";
			};
			name = Release;
		};
/* End XCBuildConfiguration section */

/* Begin XCConfigurationList section */
		F8473EE326F9E69000931D2E /* Build configuration list for PBXProject "CriticalMovies" */ = {
			isa = XCConfigurationList;
			buildConfigurations = (
				F8473EFA26F9E69400931D2E /* Debug */,
				F8473EFB26F9E69400931D2E /* Release */,
			);
			defaultConfigurationIsVisible = 0;
			defaultConfigurationName = Release;
		};
		F8473EFC26F9E69400931D2E /* Build configuration list for PBXNativeTarget "CriticalMovies" */ = {
			isa = XCConfigurationList;
			buildConfigurations = (
				F8473EFD26F9E69400931D2E /* Debug */,
				F8473EFE26F9E69400931D2E /* Release */,
			);
			defaultConfigurationIsVisible = 0;
			defaultConfigurationName = Release;
		};
		F8FC35472702223D0079834D /* Build configuration list for PBXNativeTarget "CriticalMoviesTests" */ = {
			isa = XCConfigurationList;
			buildConfigurations = (
				F8FC35452702223D0079834D /* Debug */,
				F8FC35462702223D0079834D /* Release */,
			);
			defaultConfigurationIsVisible = 0;
			defaultConfigurationName = Release;
		};
/* End XCConfigurationList section */
	};
	rootObject = F8473EE026F9E69000931D2E /* Project object */;
}
